
Microsoft Visual Studio Solution File, Format Version 12.00
# Visual Studio Version 17
VisualStudioVersion = 17.12.35707.178
MinimumVisualStudioVersion = 10.0.40219.1
Project("{FAE04EC0-301F-11D3-BF4B-00C04F79EFBC}") = "Demo-Token-JWT", "Demo-Token-JWT\Demo-Token-JWT.csproj", "{2CEA42BD-5D6E-432B-8802-054A39330D9D}"
EndProject
Project("{FAE04EC0-301F-11D3-BF4B-00C04F79EFBC}") = "BLL", "BLL\BLL.csproj", "{8DF094B8-C83D-4950-9848-9264CB3FCE2E}"
EndProject
Project("{FAE04EC0-301F-11D3-BF4B-00C04F79EFBC}") = "DAL", "DAL\DAL.csproj", "{883E52BC-1438-4409-8E60-663CA5D4F9A0}"
EndProject
Project("{2150E333-8FDC-42A3-9474-1A3956D46DE8}") = "1-A-P-I", "1-A-P-I", "{29DE8320-16C7-434B-8AC2-DC61E63B9F74}"
EndProject
Project("{2150E333-8FDC-42A3-9474-1A3956D46DE8}") = "2-B-L-L", "2-B-L-L", "{9D859AA6-DC31-4C59-B258-B49FD3390500}"
EndProject
Project("{2150E333-8FDC-42A3-9474-1A3956D46DE8}") = "3-D-A-L", "3-D-A-L", "{FB7063DA-C897-4377-B4E5-2F5120FD8CE3}"
EndProject
Project("{2150E333-8FDC-42A3-9474-1A3956D46DE8}") = "4-Models", "4-Models", "{73D5BDFE-487F-4E44-A33A-B2BB6249CC03}"
EndProject
Project("{FAE04EC0-301F-11D3-BF4B-00C04F79EFBC}") = "Models", "Models\Models.csproj", "{B491F10D-B27E-4166-97A3-32126D52A938}"
EndProject
Global
	GlobalSection(SolutionConfigurationPlatforms) = preSolution
		Debug|Any CPU = Debug|Any CPU
		Release|Any CPU = Release|Any CPU
	EndGlobalSection
	GlobalSection(ProjectConfigurationPlatforms) = postSolution
		{2CEA42BD-5D6E-432B-8802-054A39330D9D}.Debug|Any CPU.ActiveCfg = Debug|Any CPU
		{2CEA42BD-5D6E-432B-8802-054A39330D9D}.Debug|Any CPU.Build.0 = Debug|Any CPU
		{2CEA42BD-5D6E-432B-8802-054A39330D9D}.Release|Any CPU.ActiveCfg = Release|Any CPU
		{2CEA42BD-5D6E-432B-8802-054A39330D9D}.Release|Any CPU.Build.0 = Release|Any CPU
		{8DF094B8-C83D-4950-9848-9264CB3FCE2E}.Debug|Any CPU.ActiveCfg = Debug|Any CPU
		{8DF094B8-C83D-4950-9848-9264CB3FCE2E}.Debug|Any CPU.Build.0 = Debug|Any CPU
		{8DF094B8-C83D-4950-9848-9264CB3FCE2E}.Release|Any CPU.ActiveCfg = Release|Any CPU
		{8DF094B8-C83D-4950-9848-9264CB3FCE2E}.Release|Any CPU.Build.0 = Release|Any CPU
		{883E52BC-1438-4409-8E60-663CA5D4F9A0}.Debug|Any CPU.ActiveCfg = Debug|Any CPU
		{883E52BC-1438-4409-8E60-663CA5D4F9A0}.Debug|Any CPU.Build.0 = Debug|Any CPU
		{883E52BC-1438-4409-8E60-663CA5D4F9A0}.Release|Any CPU.ActiveCfg = Release|Any CPU
		{883E52BC-1438-4409-8E60-663CA5D4F9A0}.Release|Any CPU.Build.0 = Release|Any CPU
		{B491F10D-B27E-4166-97A3-32126D52A938}.Debug|Any CPU.ActiveCfg = Debug|Any CPU
		{B491F10D-B27E-4166-97A3-32126D52A938}.Debug|Any CPU.Build.0 = Debug|Any CPU
		{B491F10D-B27E-4166-97A3-32126D52A938}.Release|Any CPU.ActiveCfg = Release|Any CPU
		{B491F10D-B27E-4166-97A3-32126D52A938}.Release|Any CPU.Build.0 = Release|Any CPU
	EndGlobalSection
	GlobalSection(SolutionProperties) = preSolution
		HideSolutionNode = FALSE
	EndGlobalSection
	GlobalSection(NestedProjects) = preSolution
		{2CEA42BD-5D6E-432B-8802-054A39330D9D} = {29DE8320-16C7-434B-8AC2-DC61E63B9F74}
		{8DF094B8-C83D-4950-9848-9264CB3FCE2E} = {9D859AA6-DC31-4C59-B258-B49FD3390500}
		{883E52BC-1438-4409-8E60-663CA5D4F9A0} = {FB7063DA-C897-4377-B4E5-2F5120FD8CE3}
		{B491F10D-B27E-4166-97A3-32126D52A938} = {73D5BDFE-487F-4E44-A33A-B2BB6249CC03}
	EndGlobalSection
EndGlobal
